
Microsoft Visual Studio Solution File, Format Version 12.00
# Visual Studio Version 17
VisualStudioVersion = 17.13.35931.197 d17.13
MinimumVisualStudioVersion = 10.0.40219.1
Project("{2150E333-8FDC-42A3-9474-1A3956D46DE8}") = "src", "src", "{02EA681E-C7D8-13C7-8484-4AC65E1B71E8}"
EndProject
Project("{2150E333-8FDC-42A3-9474-1A3956D46DE8}") = "Solution Items", "Solution Items", "{8EC462FD-D22E-90A8-E5CE-7E832BA40C5D}"
	ProjectSection(SolutionItems) = preProject
		ServiceUrls.txt = ServiceUrls.txt
	EndProjectSection
EndProject
Project("{2150E333-8FDC-42A3-9474-1A3956D46DE8}") = "ApiGateways", "ApiGateways", "{A5EBB505-DFDD-43EC-89B1-63E3D0AFE1FA}"
EndProject
Project("{2150E333-8FDC-42A3-9474-1A3956D46DE8}") = "Clients", "Clients", "{CAD4DCE7-F8AF-4443-BBB4-BABB60CDEF4B}"
EndProject
Project("{2150E333-8FDC-42A3-9474-1A3956D46DE8}") = "Services", "Services", "{2DF69DD2-CE85-4CC5-B610-E92EF5FD119A}"
EndProject
Project("{2150E333-8FDC-42A3-9474-1A3956D46DE8}") = "BuildingBlocks", "BuildingBlocks", "{56672B99-45CB-422F-8F82-A0667A0344CF}"
EndProject
Project("{2150E333-8FDC-42A3-9474-1A3956D46DE8}") = "WebApiGateways", "WebApiGateways", "{7A759F5C-71B5-4AE1-BEBB-CF9FC54647F0}"
EndProject
Project("{FAE04EC0-301F-11D3-BF4B-00C04F79EFBC}") = "Web.ApiGateway", "ApiGateways\WebApiGateway\Web.ApiGateway\Web.ApiGateway.csproj", "{68E8BA20-FF33-4C00-952D-3FBBABED50B4}"
EndProject
Project("{2150E333-8FDC-42A3-9474-1A3956D46DE8}") = "EventBus", "EventBus", "{9CC9C755-811A-44C5-B760-D04106471831}"
EndProject
Project("{FAE04EC0-301F-11D3-BF4B-00C04F79EFBC}") = "EventBus.AzureServiceBus", "BuildingBlocks\EventBus\EventBus.AzureServiceBus\EventBus.AzureServiceBus.csproj", "{C1B5A17F-873E-4F7C-B54D-0696FE6AF247}"
EndProject
Project("{FAE04EC0-301F-11D3-BF4B-00C04F79EFBC}") = "EventBus.Base", "BuildingBlocks\EventBus\EventBus.Base\EventBus.Base.csproj", "{1B781464-2F86-4AD2-BB18-B167197B77B9}"
EndProject
Project("{FAE04EC0-301F-11D3-BF4B-00C04F79EFBC}") = "EventBus.Factory", "BuildingBlocks\EventBus\EventBus.Factory\EventBus.Factory.csproj", "{643BE462-8B30-44AC-818E-03A19CF0FED7}"
EndProject
Project("{FAE04EC0-301F-11D3-BF4B-00C04F79EFBC}") = "EventBus.RabbitMq", "BuildingBlocks\EventBus\EventBus.RabbitMq\EventBus.RabbitMq.csproj", "{A6D9CA62-EC24-4604-8AED-A3E336122D74}"
EndProject
Project("{2150E333-8FDC-42A3-9474-1A3956D46DE8}") = "BlazorWebApp", "BlazorWebApp", "{E54DF627-62B3-4EAE-A530-D324B4A19E80}"
EndProject
Project("{FAE04EC0-301F-11D3-BF4B-00C04F79EFBC}") = "WebApp", "Clients\BlazorWebApp\WebApp\WebApp.csproj", "{488453BC-17BC-4BB2-B3BE-01078E505C9C}"
EndProject
Project("{2150E333-8FDC-42A3-9474-1A3956D46DE8}") = "BasketService", "BasketService", "{1417109E-822B-43A2-A3B0-7D2DD5992E88}"
EndProject
Project("{FAE04EC0-301F-11D3-BF4B-00C04F79EFBC}") = "BasketService.Api", "Services\BasketService\BasketService.Api\BasketService.Api.csproj", "{22F12C65-E7CA-498D-89D1-27543E322184}"
EndProject
Project("{2150E333-8FDC-42A3-9474-1A3956D46DE8}") = "CatalogService", "CatalogService", "{9434715E-B45F-4EA8-A6E3-89E3AAE0E88C}"
EndProject
Project("{FAE04EC0-301F-11D3-BF4B-00C04F79EFBC}") = "CatalogService.Api", "Services\CatalogService\CatalogService.Api\CatalogService.Api.csproj", "{EB312484-9BCB-442C-9EE3-3D342B8C9675}"
EndProject
Project("{2150E333-8FDC-42A3-9474-1A3956D46DE8}") = "IdentityService", "IdentityService", "{7C508686-DD57-4952-97EB-D25E732D451F}"
EndProject
Project("{FAE04EC0-301F-11D3-BF4B-00C04F79EFBC}") = "IdentityService.Api", "Services\IdentityService\IdentityService.Api\IdentityService.Api.csproj", "{479E352F-5192-4EE2-85B6-4272BAC706DD}"
EndProject
Project("{2150E333-8FDC-42A3-9474-1A3956D46DE8}") = "NotificationService", "NotificationService", "{537E6AC5-630E-4A05-9AF1-F0CD049F6924}"
EndProject
Project("{FAE04EC0-301F-11D3-BF4B-00C04F79EFBC}") = "NotificationService", "Services\NotificationService\NotificationService\NotificationService.csproj", "{1D345024-5AA8-4696-A591-92E72BEF1BBC}"
EndProject
Project("{2150E333-8FDC-42A3-9474-1A3956D46DE8}") = "OrderService", "OrderService", "{3971EE7E-6B83-433B-9065-3B579AE64206}"
EndProject
Project("{FAE04EC0-301F-11D3-BF4B-00C04F79EFBC}") = "OrderService.Domain", "Services\OrderService\OrderService.Domain\OrderService.Domain.csproj", "{029BA117-FF87-45CA-91B6-CD2DC9EA9A7B}"
EndProject
Project("{FAE04EC0-301F-11D3-BF4B-00C04F79EFBC}") = "OrderService.Application", "Services\OrderService\OrderService.Application\OrderService.Application.csproj", "{A7B5B181-7B15-4AA5-9923-1C8B8E77E150}"
EndProject
Project("{FAE04EC0-301F-11D3-BF4B-00C04F79EFBC}") = "OrderService.Infrastructure", "Services\OrderService\OrderService.Infrastructure\OrderService.Infrastructure.csproj", "{8D1ED3B8-C1EE-44D9-96A8-97D649D7D3B2}"
EndProject
Project("{FAE04EC0-301F-11D3-BF4B-00C04F79EFBC}") = "OrderService.Api", "Services\OrderService\OrderService.Api\OrderService.Api.csproj", "{FF1E1266-5BC1-4C9D-8C24-F10F8E73B8A0}"
EndProject
Project("{2150E333-8FDC-42A3-9474-1A3956D46DE8}") = "PaymentService", "PaymentService", "{3AC050E5-6E9B-4BBE-BE3C-5D66C9CEE00B}"
EndProject
Project("{FAE04EC0-301F-11D3-BF4B-00C04F79EFBC}") = "PaymentService.Api", "Services\PaymentService\PaymentService.Api\PaymentService.Api.csproj", "{D0A8BECA-8423-4865-8B58-150881A37AA8}"
EndProject
Global
	GlobalSection(SolutionConfigurationPlatforms) = preSolution
		Debug|Any CPU = Debug|Any CPU
		Release|Any CPU = Release|Any CPU
	EndGlobalSection
	GlobalSection(ProjectConfigurationPlatforms) = postSolution
		{68E8BA20-FF33-4C00-952D-3FBBABED50B4}.Debug|Any CPU.ActiveCfg = Debug|Any CPU
		{68E8BA20-FF33-4C00-952D-3FBBABED50B4}.Debug|Any CPU.Build.0 = Debug|Any CPU
		{68E8BA20-FF33-4C00-952D-3FBBABED50B4}.Release|Any CPU.ActiveCfg = Release|Any CPU
		{68E8BA20-FF33-4C00-952D-3FBBABED50B4}.Release|Any CPU.Build.0 = Release|Any CPU
		{C1B5A17F-873E-4F7C-B54D-0696FE6AF247}.Debug|Any CPU.ActiveCfg = Debug|Any CPU
		{C1B5A17F-873E-4F7C-B54D-0696FE6AF247}.Debug|Any CPU.Build.0 = Debug|Any CPU
		{C1B5A17F-873E-4F7C-B54D-0696FE6AF247}.Release|Any CPU.ActiveCfg = Release|Any CPU
		{C1B5A17F-873E-4F7C-B54D-0696FE6AF247}.Release|Any CPU.Build.0 = Release|Any CPU
		{1B781464-2F86-4AD2-BB18-B167197B77B9}.Debug|Any CPU.ActiveCfg = Debug|Any CPU
		{1B781464-2F86-4AD2-BB18-B167197B77B9}.Debug|Any CPU.Build.0 = Debug|Any CPU
		{1B781464-2F86-4AD2-BB18-B167197B77B9}.Release|Any CPU.ActiveCfg = Release|Any CPU
		{1B781464-2F86-4AD2-BB18-B167197B77B9}.Release|Any CPU.Build.0 = Release|Any CPU
		{643BE462-8B30-44AC-818E-03A19CF0FED7}.Debug|Any CPU.ActiveCfg = Debug|Any CPU
		{643BE462-8B30-44AC-818E-03A19CF0FED7}.Debug|Any CPU.Build.0 = Debug|Any CPU
		{643BE462-8B30-44AC-818E-03A19CF0FED7}.Release|Any CPU.ActiveCfg = Release|Any CPU
		{643BE462-8B30-44AC-818E-03A19CF0FED7}.Release|Any CPU.Build.0 = Release|Any CPU
		{A6D9CA62-EC24-4604-8AED-A3E336122D74}.Debug|Any CPU.ActiveCfg = Debug|Any CPU
		{A6D9CA62-EC24-4604-8AED-A3E336122D74}.Debug|Any CPU.Build.0 = Debug|Any CPU
		{A6D9CA62-EC24-4604-8AED-A3E336122D74}.Release|Any CPU.ActiveCfg = Release|Any CPU
		{A6D9CA62-EC24-4604-8AED-A3E336122D74}.Release|Any CPU.Build.0 = Release|Any CPU
		{488453BC-17BC-4BB2-B3BE-01078E505C9C}.Debug|Any CPU.ActiveCfg = Debug|Any CPU
		{488453BC-17BC-4BB2-B3BE-01078E505C9C}.Debug|Any CPU.Build.0 = Debug|Any CPU
		{488453BC-17BC-4BB2-B3BE-01078E505C9C}.Release|Any CPU.ActiveCfg = Release|Any CPU
		{488453BC-17BC-4BB2-B3BE-01078E505C9C}.Release|Any CPU.Build.0 = Release|Any CPU
		{22F12C65-E7CA-498D-89D1-27543E322184}.Debug|Any CPU.ActiveCfg = Debug|Any CPU
		{22F12C65-E7CA-498D-89D1-27543E322184}.Debug|Any CPU.Build.0 = Debug|Any CPU
		{22F12C65-E7CA-498D-89D1-27543E322184}.Release|Any CPU.ActiveCfg = Release|Any CPU
		{22F12C65-E7CA-498D-89D1-27543E322184}.Release|Any CPU.Build.0 = Release|Any CPU
		{EB312484-9BCB-442C-9EE3-3D342B8C9675}.Debug|Any CPU.ActiveCfg = Debug|Any CPU
		{EB312484-9BCB-442C-9EE3-3D342B8C9675}.Debug|Any CPU.Build.0 = Debug|Any CPU
		{EB312484-9BCB-442C-9EE3-3D342B8C9675}.Release|Any CPU.ActiveCfg = Release|Any CPU
		{EB312484-9BCB-442C-9EE3-3D342B8C9675}.Release|Any CPU.Build.0 = Release|Any CPU
		{479E352F-5192-4EE2-85B6-4272BAC706DD}.Debug|Any CPU.ActiveCfg = Debug|Any CPU
		{479E352F-5192-4EE2-85B6-4272BAC706DD}.Debug|Any CPU.Build.0 = Debug|Any CPU
		{479E352F-5192-4EE2-85B6-4272BAC706DD}.Release|Any CPU.ActiveCfg = Release|Any CPU
		{479E352F-5192-4EE2-85B6-4272BAC706DD}.Release|Any CPU.Build.0 = Release|Any CPU
		{1D345024-5AA8-4696-A591-92E72BEF1BBC}.Debug|Any CPU.ActiveCfg = Debug|Any CPU
		{1D345024-5AA8-4696-A591-92E72BEF1BBC}.Debug|Any CPU.Build.0 = Debug|Any CPU
		{1D345024-5AA8-4696-A591-92E72BEF1BBC}.Release|Any CPU.ActiveCfg = Release|Any CPU
		{1D345024-5AA8-4696-A591-92E72BEF1BBC}.Release|Any CPU.Build.0 = Release|Any CPU
		{029BA117-FF87-45CA-91B6-CD2DC9EA9A7B}.Debug|Any CPU.ActiveCfg = Debug|Any CPU
		{029BA117-FF87-45CA-91B6-CD2DC9EA9A7B}.Debug|Any CPU.Build.0 = Debug|Any CPU
		{029BA117-FF87-45CA-91B6-CD2DC9EA9A7B}.Release|Any CPU.ActiveCfg = Release|Any CPU
		{029BA117-FF87-45CA-91B6-CD2DC9EA9A7B}.Release|Any CPU.Build.0 = Release|Any CPU
		{A7B5B181-7B15-4AA5-9923-1C8B8E77E150}.Debug|Any CPU.ActiveCfg = Debug|Any CPU
		{A7B5B181-7B15-4AA5-9923-1C8B8E77E150}.Debug|Any CPU.Build.0 = Debug|Any CPU
		{A7B5B181-7B15-4AA5-9923-1C8B8E77E150}.Release|Any CPU.ActiveCfg = Release|Any CPU
		{A7B5B181-7B15-4AA5-9923-1C8B8E77E150}.Release|Any CPU.Build.0 = Release|Any CPU
		{8D1ED3B8-C1EE-44D9-96A8-97D649D7D3B2}.Debug|Any CPU.ActiveCfg = Debug|Any CPU
		{8D1ED3B8-C1EE-44D9-96A8-97D649D7D3B2}.Debug|Any CPU.Build.0 = Debug|Any CPU
		{8D1ED3B8-C1EE-44D9-96A8-97D649D7D3B2}.Release|Any CPU.ActiveCfg = Release|Any CPU
		{8D1ED3B8-C1EE-44D9-96A8-97D649D7D3B2}.Release|Any CPU.Build.0 = Release|Any CPU
		{FF1E1266-5BC1-4C9D-8C24-F10F8E73B8A0}.Debug|Any CPU.ActiveCfg = Debug|Any CPU
		{FF1E1266-5BC1-4C9D-8C24-F10F8E73B8A0}.Debug|Any CPU.Build.0 = Debug|Any CPU
		{FF1E1266-5BC1-4C9D-8C24-F10F8E73B8A0}.Release|Any CPU.ActiveCfg = Release|Any CPU
		{FF1E1266-5BC1-4C9D-8C24-F10F8E73B8A0}.Release|Any CPU.Build.0 = Release|Any CPU
		{D0A8BECA-8423-4865-8B58-150881A37AA8}.Debug|Any CPU.ActiveCfg = Debug|Any CPU
		{D0A8BECA-8423-4865-8B58-150881A37AA8}.Debug|Any CPU.Build.0 = Debug|Any CPU
		{D0A8BECA-8423-4865-8B58-150881A37AA8}.Release|Any CPU.ActiveCfg = Release|Any CPU
		{D0A8BECA-8423-4865-8B58-150881A37AA8}.Release|Any CPU.Build.0 = Release|Any CPU
	EndGlobalSection
	GlobalSection(SolutionProperties) = preSolution
		HideSolutionNode = FALSE
	EndGlobalSection
	GlobalSection(NestedProjects) = preSolution
		{A5EBB505-DFDD-43EC-89B1-63E3D0AFE1FA} = {02EA681E-C7D8-13C7-8484-4AC65E1B71E8}
		{CAD4DCE7-F8AF-4443-BBB4-BABB60CDEF4B} = {02EA681E-C7D8-13C7-8484-4AC65E1B71E8}
		{2DF69DD2-CE85-4CC5-B610-E92EF5FD119A} = {02EA681E-C7D8-13C7-8484-4AC65E1B71E8}
		{56672B99-45CB-422F-8F82-A0667A0344CF} = {02EA681E-C7D8-13C7-8484-4AC65E1B71E8}
		{7A759F5C-71B5-4AE1-BEBB-CF9FC54647F0} = {A5EBB505-DFDD-43EC-89B1-63E3D0AFE1FA}
		{68E8BA20-FF33-4C00-952D-3FBBABED50B4} = {7A759F5C-71B5-4AE1-BEBB-CF9FC54647F0}
		{9CC9C755-811A-44C5-B760-D04106471831} = {56672B99-45CB-422F-8F82-A0667A0344CF}
		{C1B5A17F-873E-4F7C-B54D-0696FE6AF247} = {9CC9C755-811A-44C5-B760-D04106471831}
		{1B781464-2F86-4AD2-BB18-B167197B77B9} = {9CC9C755-811A-44C5-B760-D04106471831}
		{643BE462-8B30-44AC-818E-03A19CF0FED7} = {9CC9C755-811A-44C5-B760-D04106471831}
		{A6D9CA62-EC24-4604-8AED-A3E336122D74} = {9CC9C755-811A-44C5-B760-D04106471831}
		{E54DF627-62B3-4EAE-A530-D324B4A19E80} = {CAD4DCE7-F8AF-4443-BBB4-BABB60CDEF4B}
		{488453BC-17BC-4BB2-B3BE-01078E505C9C} = {E54DF627-62B3-4EAE-A530-D324B4A19E80}
		{1417109E-822B-43A2-A3B0-7D2DD5992E88} = {2DF69DD2-CE85-4CC5-B610-E92EF5FD119A}
		{22F12C65-E7CA-498D-89D1-27543E322184} = {1417109E-822B-43A2-A3B0-7D2DD5992E88}
		{9434715E-B45F-4EA8-A6E3-89E3AAE0E88C} = {2DF69DD2-CE85-4CC5-B610-E92EF5FD119A}
		{EB312484-9BCB-442C-9EE3-3D342B8C9675} = {9434715E-B45F-4EA8-A6E3-89E3AAE0E88C}
		{7C508686-DD57-4952-97EB-D25E732D451F} = {2DF69DD2-CE85-4CC5-B610-E92EF5FD119A}
		{479E352F-5192-4EE2-85B6-4272BAC706DD} = {7C508686-DD57-4952-97EB-D25E732D451F}
		{537E6AC5-630E-4A05-9AF1-F0CD049F6924} = {2DF69DD2-CE85-4CC5-B610-E92EF5FD119A}
		{1D345024-5AA8-4696-A591-92E72BEF1BBC} = {537E6AC5-630E-4A05-9AF1-F0CD049F6924}
		{3971EE7E-6B83-433B-9065-3B579AE64206} = {2DF69DD2-CE85-4CC5-B610-E92EF5FD119A}
		{029BA117-FF87-45CA-91B6-CD2DC9EA9A7B} = {3971EE7E-6B83-433B-9065-3B579AE64206}
		{A7B5B181-7B15-4AA5-9923-1C8B8E77E150} = {3971EE7E-6B83-433B-9065-3B579AE64206}
		{8D1ED3B8-C1EE-44D9-96A8-97D649D7D3B2} = {3971EE7E-6B83-433B-9065-3B579AE64206}
		{FF1E1266-5BC1-4C9D-8C24-F10F8E73B8A0} = {3971EE7E-6B83-433B-9065-3B579AE64206}
		{3AC050E5-6E9B-4BBE-BE3C-5D66C9CEE00B} = {2DF69DD2-CE85-4CC5-B610-E92EF5FD119A}
		{D0A8BECA-8423-4865-8B58-150881A37AA8} = {3AC050E5-6E9B-4BBE-BE3C-5D66C9CEE00B}
	EndGlobalSection
	GlobalSection(ExtensibilityGlobals) = postSolution
		SolutionGuid = {E461FD34-3640-43EF-B83D-DA3CFDAB5385}
	EndGlobalSection
EndGlobal
